
Microsoft Visual Studio Solution File, Format Version 12.00
# Visual Studio Version 17
VisualStudioVersion = 17.4.33213.308
MinimumVisualStudioVersion = 10.0.40219.1
Project("{9A19103F-16F7-4668-BE54-9A1E7A4F7556}") = "IodemBot", "IodemBot\IodemBot.csproj", "{29D59726-FF98-44F0-A8C7-96A022CF5D21}"
EndProject
Project("{2150E333-8FDC-42A3-9474-1A3956D46DE8}") = "Solution Items", "Solution Items", "{D178B066-DDA5-4F36-80C9-74E2B02B36FA}"
	ProjectSection(SolutionItems) = preProject
		.editorconfig = .editorconfig
	EndProjectSection
EndProject
Project("{FAE04EC0-301F-11D3-BF4B-00C04F79EFBC}") = "IodemBotTest", "IodemBotTest\IodemBotTest.csproj", "{D3E2F96C-50FE-4D74-B3EE-5FF6E6D3C817}"
EndProject
Global
	GlobalSection(SolutionConfigurationPlatforms) = preSolution
		Debug|Any CPU = Debug|Any CPU
		Release|Any CPU = Release|Any CPU
	EndGlobalSection
	GlobalSection(ProjectConfigurationPlatforms) = postSolution
		{29D59726-FF98-44F0-A8C7-96A022CF5D21}.Debug|Any CPU.ActiveCfg = Debug|Any CPU
		{29D59726-FF98-44F0-A8C7-96A022CF5D21}.Debug|Any CPU.Build.0 = Debug|Any CPU
		{29D59726-FF98-44F0-A8C7-96A022CF5D21}.Release|Any CPU.ActiveCfg = Release|Any CPU
		{29D59726-FF98-44F0-A8C7-96A022CF5D21}.Release|Any CPU.Build.0 = Release|Any CPU
		{D3E2F96C-50FE-4D74-B3EE-5FF6E6D3C817}.Debug|Any CPU.ActiveCfg = Debug|Any CPU
		{D3E2F96C-50FE-4D74-B3EE-5FF6E6D3C817}.Debug|Any CPU.Build.0 = Debug|Any CPU
		{D3E2F96C-50FE-4D74-B3EE-5FF6E6D3C817}.Release|Any CPU.ActiveCfg = Release|Any CPU
		{D3E2F96C-50FE-4D74-B3EE-5FF6E6D3C817}.Release|Any CPU.Build.0 = Release|Any CPU
	EndGlobalSection
	GlobalSection(SolutionProperties) = preSolution
		HideSolutionNode = FALSE
	EndGlobalSection
	GlobalSection(ExtensibilityGlobals) = postSolution
		SolutionGuid = {8D631269-6804-4900-A906-E7E5F2653677}
	EndGlobalSection
EndGlobal
